
Microsoft Visual Studio Solution File, Format Version 12.00
# Visual Studio Version 16
VisualStudioVersion = 16.0.31624.102
MinimumVisualStudioVersion = 10.0.40219.1
Project("{FAE04EC0-301F-11D3-BF4B-00C04F79EFBC}") = "yazlab11", "yazlab11\yazlab11.csproj", "{74161142-4F8D-479D-8259-047343F0E078}"
EndProject
Global
	GlobalSection(SolutionConfigurationPlatforms) = preSolution
		Debug|Any CPU = Debug|Any CPU
		Release|Any CPU = Release|Any CPU
	EndGlobalSection
	GlobalSection(ProjectConfigurationPlatforms) = postSolution
		{74161142-4F8D-479D-8259-047343F0E078}.Debug|Any CPU.ActiveCfg = Debug|Any CPU
		{74161142-4F8D-479D-8259-047343F0E078}.Debug|Any CPU.Build.0 = Debug|Any CPU
		{74161142-4F8D-479D-8259-047343F0E078}.Release|Any CPU.ActiveCfg = Release|Any CPU
		{74161142-4F8D-479D-8259-047343F0E078}.Release|Any CPU.Build.0 = Release|Any CPU
	EndGlobalSection
	GlobalSection(SolutionProperties) = preSolution
		HideSolutionNode = FALSE
	EndGlobalSection
	GlobalSection(ExtensibilityGlobals) = postSolution
		SolutionGuid = {5A7DEC59-A7AA-4BF8-9B43-A807ED718026}
	EndGlobalSection
EndGlobal
